{
  "requires": true,
  "lockfileVersion": 1,
  "dependencies": {
    "store2": {
      "version": "2.7.1",
      "resolved": "https://registry.npmjs.org/store2/-/store2-2.7.1.tgz",
      "integrity": "sha512-zzzP5ZY6QWumnAFV6kBRbS44pUMcpZBNER5DWUe1HETlaKXqLcCQxbNu6IHaKr1pUsjuhUGBdOy8sWKmMkL6pQ=="
    }
  }
}
